
Microsoft Visual Studio Solution File, Format Version 12.00
# Visual Studio Version 17
VisualStudioVersion = 17.9.34701.34
MinimumVisualStudioVersion = 10.0.40219.1
Project("{FAE04EC0-301F-11D3-BF4B-00C04F79EFBC}") = "PropertiesProject", "PropertiesProject\PropertiesProject.csproj", "{A8FCED38-8F83-4CF8-A172-248D4DDCBFED}"
EndProject
Global
	GlobalSection(SolutionConfigurationPlatforms) = preSolution
		Debug|Any CPU = Debug|Any CPU
		Release|Any CPU = Release|Any CPU
	EndGlobalSection
	GlobalSection(ProjectConfigurationPlatforms) = postSolution
		{A8FCED38-8F83-4CF8-A172-248D4DDCBFED}.Debug|Any CPU.ActiveCfg = Debug|Any CPU
		{A8FCED38-8F83-4CF8-A172-248D4DDCBFED}.Debug|Any CPU.Build.0 = Debug|Any CPU
		{A8FCED38-8F83-4CF8-A172-248D4DDCBFED}.Release|Any CPU.ActiveCfg = Release|Any CPU
		{A8FCED38-8F83-4CF8-A172-248D4DDCBFED}.Release|Any CPU.Build.0 = Release|Any CPU
	EndGlobalSection
	GlobalSection(SolutionProperties) = preSolution
		HideSolutionNode = FALSE
	EndGlobalSection
	GlobalSection(ExtensibilityGlobals) = postSolution
		SolutionGuid = {06A88568-AF7E-48EC-B590-E2CF2CA65650}
	EndGlobalSection
EndGlobal
